
Microsoft Visual Studio Solution File, Format Version 12.00
# Visual Studio Version 17
VisualStudioVersion = 17.9.34714.143
MinimumVisualStudioVersion = 10.0.40219.1
Project("{FAE04EC0-301F-11D3-BF4B-00C04F79EFBC}") = "Projet Algo", "Projet Algo.csproj", "{2E46CEDC-A763-40D2-BDFF-6C14DB36C416}"
EndProject
Global
	GlobalSection(SolutionConfigurationPlatforms) = preSolution
		Debug|Any CPU = Debug|Any CPU
		Release|Any CPU = Release|Any CPU
	EndGlobalSection
	GlobalSection(ProjectConfigurationPlatforms) = postSolution
		{2E46CEDC-A763-40D2-BDFF-6C14DB36C416}.Debug|Any CPU.ActiveCfg = Debug|Any CPU
		{2E46CEDC-A763-40D2-BDFF-6C14DB36C416}.Debug|Any CPU.Build.0 = Debug|Any CPU
		{2E46CEDC-A763-40D2-BDFF-6C14DB36C416}.Release|Any CPU.ActiveCfg = Release|Any CPU
		{2E46CEDC-A763-40D2-BDFF-6C14DB36C416}.Release|Any CPU.Build.0 = Release|Any CPU
	EndGlobalSection
	GlobalSection(SolutionProperties) = preSolution
		HideSolutionNode = FALSE
	EndGlobalSection
	GlobalSection(ExtensibilityGlobals) = postSolution
		SolutionGuid = {965FE89C-7B88-447E-A41A-516B4B27F2FF}
	EndGlobalSection
EndGlobal
